{
  "name": "asset-tracker-quote-bridge",
  "version": "1.0.0",
  "lockfileVersion": 3,
  "requires": true,
  "packages": {
    "": {
      "name": "asset-tracker-quote-bridge",
      "dependencies": {
        "stock-api": "2.7.3"
      }
    },
    "node_modules/stock-api": {
      "version": "2.7.3",
      "resolved": "https://registry.npmjs.org/stock-api/-/stock-api-2.7.3.tgz",
      "integrity": "sha512-Glz7ofEqSViYPmspN6uR2dX9PGneK9V2a/8Tdv3tdMUr0CAm+G4bf4SDNoxgmkwCoGCZF0GV5c55X0Rqayw3pA==",
      "license": "MIT",
      "bin": {
        "stock-api": "dist/cli.js"
      },
      "engines": {
        "node": ">=18"
      }
    }
  }
}
